
Microsoft Visual Studio Solution File, Format Version 12.00
# Visual Studio Version 16
VisualStudioVersion = 25.0.1705.3
MinimumVisualStudioVersion = 10.0.40219.1
Project("{FAE04EC0-301F-11D3-BF4B-00C04F79EFBC}") = "Server", "Server\Server.csproj", "{D43B40ED-A16E-4830-A4A5-C8F544A4719B}"
EndProject
Project("{FAE04EC0-301F-11D3-BF4B-00C04F79EFBC}") = "Client", "Client\Client.csproj", "{596932BC-1209-4D1A-A3A7-77310CEBC45E}"
EndProject
Project("{FAE04EC0-301F-11D3-BF4B-00C04F79EFBC}") = "ServerCore", "ServerCore\ServerCore.csproj", "{351F72B9-78A6-4876-A3B8-ED221D4712CD}"
EndProject
Project("{FAE04EC0-301F-11D3-BF4B-00C04F79EFBC}") = "Protocol", "Protocol\Protocol.csproj", "{E8A49FA1-52CB-4AA2-A1C3-94999BE0390F}"
EndProject
Global
	GlobalSection(SolutionConfigurationPlatforms) = preSolution
		Debug|Any CPU = Debug|Any CPU
		Release|Any CPU = Release|Any CPU
	EndGlobalSection
	GlobalSection(ProjectConfigurationPlatforms) = postSolution
		{D43B40ED-A16E-4830-A4A5-C8F544A4719B}.Debug|Any CPU.ActiveCfg = Debug|Any CPU
		{D43B40ED-A16E-4830-A4A5-C8F544A4719B}.Debug|Any CPU.Build.0 = Debug|Any CPU
		{D43B40ED-A16E-4830-A4A5-C8F544A4719B}.Release|Any CPU.ActiveCfg = Release|Any CPU
		{D43B40ED-A16E-4830-A4A5-C8F544A4719B}.Release|Any CPU.Build.0 = Release|Any CPU
		{596932BC-1209-4D1A-A3A7-77310CEBC45E}.Debug|Any CPU.ActiveCfg = Debug|Any CPU
		{596932BC-1209-4D1A-A3A7-77310CEBC45E}.Debug|Any CPU.Build.0 = Debug|Any CPU
		{596932BC-1209-4D1A-A3A7-77310CEBC45E}.Release|Any CPU.ActiveCfg = Release|Any CPU
		{596932BC-1209-4D1A-A3A7-77310CEBC45E}.Release|Any CPU.Build.0 = Release|Any CPU
		{351F72B9-78A6-4876-A3B8-ED221D4712CD}.Debug|Any CPU.ActiveCfg = Debug|Any CPU
		{351F72B9-78A6-4876-A3B8-ED221D4712CD}.Debug|Any CPU.Build.0 = Debug|Any CPU
		{351F72B9-78A6-4876-A3B8-ED221D4712CD}.Release|Any CPU.ActiveCfg = Release|Any CPU
		{351F72B9-78A6-4876-A3B8-ED221D4712CD}.Release|Any CPU.Build.0 = Release|Any CPU
		{E8A49FA1-52CB-4AA2-A1C3-94999BE0390F}.Debug|Any CPU.ActiveCfg = Debug|Any CPU
		{E8A49FA1-52CB-4AA2-A1C3-94999BE0390F}.Debug|Any CPU.Build.0 = Debug|Any CPU
		{E8A49FA1-52CB-4AA2-A1C3-94999BE0390F}.Release|Any CPU.ActiveCfg = Release|Any CPU
		{E8A49FA1-52CB-4AA2-A1C3-94999BE0390F}.Release|Any CPU.Build.0 = Release|Any CPU
	EndGlobalSection
	GlobalSection(SolutionProperties) = preSolution
		HideSolutionNode = FALSE
	EndGlobalSection
	GlobalSection(ExtensibilityGlobals) = postSolution
		SolutionGuid = {D578763F-713D-4CA3-A4BD-D87FFAD27027}
	EndGlobalSection
EndGlobal
